
Microsoft Visual Studio Solution File, Format Version 12.00
# Visual Studio Version 17
VisualStudioVersion = 17.5.002.0
MinimumVisualStudioVersion = 10.0.40219.1
Project("{2150E333-8FDC-42A3-9474-1A3956D46DE8}") = "src", "src", "{70B0737A-AF7C-4154-8157-D7BA399E9ABD}"
EndProject
Project("{9A19103F-16F7-4668-BE54-9A1E7A4F7556}") = "Play.Catalog.Service", "src\Play.Catalog.Service\Play.Catalog.Service.csproj", "{FD1B4FC6-C353-4D0D-A969-A41A013E1A4A}"
EndProject
Global
	GlobalSection(SolutionConfigurationPlatforms) = preSolution
		Debug|Any CPU = Debug|Any CPU
		Release|Any CPU = Release|Any CPU
	EndGlobalSection
	GlobalSection(ProjectConfigurationPlatforms) = postSolution
		{FD1B4FC6-C353-4D0D-A969-A41A013E1A4A}.Debug|Any CPU.ActiveCfg = Debug|Any CPU
		{FD1B4FC6-C353-4D0D-A969-A41A013E1A4A}.Debug|Any CPU.Build.0 = Debug|Any CPU
		{FD1B4FC6-C353-4D0D-A969-A41A013E1A4A}.Release|Any CPU.ActiveCfg = Release|Any CPU
		{FD1B4FC6-C353-4D0D-A969-A41A013E1A4A}.Release|Any CPU.Build.0 = Release|Any CPU
	EndGlobalSection
	GlobalSection(SolutionProperties) = preSolution
		HideSolutionNode = FALSE
	EndGlobalSection
	GlobalSection(NestedProjects) = preSolution
		{FD1B4FC6-C353-4D0D-A969-A41A013E1A4A} = {70B0737A-AF7C-4154-8157-D7BA399E9ABD}
	EndGlobalSection
	GlobalSection(ExtensibilityGlobals) = postSolution
		SolutionGuid = {A652425E-1EEC-4A02-BE65-218F3F90BB63}
	EndGlobalSection
EndGlobal
